
Microsoft Visual Studio Solution File, Format Version 11.00
# Visual Studio 2010
Project("{FAE04EC0-301F-11D3-BF4B-00C04F79EFBC}") = "Assembly-CSharp", "Assembly-CSharp.csproj", "{9a3c6c58-297d-2229-bc1b-0c46d883158c}"
EndProject
Project("{FAE04EC0-301F-11D3-BF4B-00C04F79EFBC}") = "Assembly-CSharp-Editor", "Assembly-CSharp-Editor.csproj", "{70d8dbb1-f2fd-8e49-fb4f-09ab3af4df87}"
EndProject
Global
	GlobalSection(SolutionConfigurationPlatforms) = preSolution
		Debug|Any CPU = Debug|Any CPU
	EndGlobalSection
	GlobalSection(ProjectConfigurationPlatforms) = postSolution
		{9a3c6c58-297d-2229-bc1b-0c46d883158c}.Debug|Any CPU.ActiveCfg = Debug|Any CPU
		{9a3c6c58-297d-2229-bc1b-0c46d883158c}.Debug|Any CPU.Build.0 = Debug|Any CPU
		{70d8dbb1-f2fd-8e49-fb4f-09ab3af4df87}.Debug|Any CPU.ActiveCfg = Debug|Any CPU
		{70d8dbb1-f2fd-8e49-fb4f-09ab3af4df87}.Debug|Any CPU.Build.0 = Debug|Any CPU
	EndGlobalSection
	GlobalSection(SolutionProperties) = preSolution
		HideSolutionNode = FALSE
	EndGlobalSection
EndGlobal
